
Microsoft Visual Studio Solution File, Format Version 12.00
# Visual Studio Version 16
VisualStudioVersion = 16.0.30503.244
MinimumVisualStudioVersion = 10.0.40219.1
Project("{2150E333-8FDC-42A3-9474-1A3956D46DE8}") = "Solution Items", "Solution Items", "{63923B28-F5B9-477D-AF5A-000F7482418F}"
	ProjectSection(SolutionItems) = preProject
		.gitignore = .gitignore
		LICENSE = LICENSE
		README.md = README.md
	EndProjectSection
EndProject
Project("{2150E333-8FDC-42A3-9474-1A3956D46DE8}") = "Tasks", "Tasks", "{F2E7A0A3-E35B-4891-A97C-AABB0CCE2DDB}"
EndProject
Project("{9A19103F-16F7-4668-BE54-9A1E7A4F7556}") = "TeachMeSkills.DotNet.Task1", "src\TeachMeSkills.DotNet.Task1\TeachMeSkills.DotNet.Task1.csproj", "{27E9B749-C7CA-41B7-B53A-EE05AB46C8E0}"
EndProject
Project("{9A19103F-16F7-4668-BE54-9A1E7A4F7556}") = "TeachMeSkills.DotNet.Task2", "src\TeachMeSkills.DotNet.Task2\TeachMeSkills.DotNet.Task2.csproj", "{366A1B9F-6352-474D-A300-045A55DA43F9}"
EndProject
Project("{9A19103F-16F7-4668-BE54-9A1E7A4F7556}") = "TeachMeSkills.DotNet.Task3", "src\TeachMeSkills.DotNet.Task3\TeachMeSkills.DotNet.Task3.csproj", "{999374DF-8845-417A-80DB-7261B574C7B1}"
EndProject
Project("{9A19103F-16F7-4668-BE54-9A1E7A4F7556}") = "TeachMeSkills.DotNet.Task4", "src\TeachMeSkills.DotNet.Task4\TeachMeSkills.DotNet.Task4.csproj", "{96E3BB18-5FD3-46EF-A883-F72C82E25D7D}"
EndProject
Project("{9A19103F-16F7-4668-BE54-9A1E7A4F7556}") = "TeachMeSkills.DotNet.Task5", "src\TeachMeSkills.DotNet.Task5\TeachMeSkills.DotNet.Task5.csproj", "{2CAD596E-19A6-4E7A-B359-CA9547D76D35}"
EndProject
Project("{9A19103F-16F7-4668-BE54-9A1E7A4F7556}") = "TeachMeSkills.DotNet.Task6", "src\TeachMeSkills.DotNet.Task6\TeachMeSkills.DotNet.Task6.csproj", "{A293A5C4-077A-4154-B2CB-F3471847E27E}"
EndProject
Project("{9A19103F-16F7-4668-BE54-9A1E7A4F7556}") = "TeachMeSkills.DotNet.Task7", "src\TeachMeSkills.DotNet.Task7\TeachMeSkills.DotNet.Task7.csproj", "{ED457321-BD72-44E3-9F92-28FBA8B812EC}"
EndProject
Project("{9A19103F-16F7-4668-BE54-9A1E7A4F7556}") = "TeachMeSkills.DotNet.Task8", "src\TeachMeSkills.DotNet.Task8\TeachMeSkills.DotNet.Task8.csproj", "{EF95189B-046B-40DC-AA0C-A0E717436360}"
EndProject
Project("{FAE04EC0-301F-11D3-BF4B-00C04F79EFBC}") = "TeachMeSkills.DotNet.Task10", "src\TeachMeSkills.DotNet.Task9\TeachMeSkills.DotNet.Task10.csproj", "{DFD083CE-9D82-4908-8A50-6DBC3549BEFE}"
EndProject
Project("{9A19103F-16F7-4668-BE54-9A1E7A4F7556}") = "TeachMeSkills.DotNet.Task11", "src\TeachMeSkills.DotNet.Task11\TeachMeSkills.DotNet.Task11.csproj", "{EDCBC56C-0BDD-4BD5-A8AB-BEDE91483B86}"
EndProject
Project("{9A19103F-16F7-4668-BE54-9A1E7A4F7556}") = "TeachMeSkills.DotNet.Task12", "src\TeachMeSkills.DotNet.Task12\TeachMeSkills.DotNet.Task12.csproj", "{AF3FA504-E7C8-4186-B617-54569D78F2FD}"
EndProject
Project("{FAE04EC0-301F-11D3-BF4B-00C04F79EFBC}") = "TeachMeSkills.DotNet.Task13", "src\TeachMeSkills.DotNet.Task13\TeachMeSkills.DotNet.Task13.csproj", "{0E6F2B3D-51CE-40E7-9FAA-A8DBA8CDF8BE}"
EndProject
Project("{FAE04EC0-301F-11D3-BF4B-00C04F79EFBC}") = "TeachMeSkills.DotNet.Task14", "src\TeachMeSkills.DotNet.Task14\TeachMeSkills.DotNet.Task14.csproj", "{2E11405F-5E6F-42B9-B9D4-035D2C29DDA4}"
EndProject
Project("{FAE04EC0-301F-11D3-BF4B-00C04F79EFBC}") = "TeachMeSkills.DotNet.Task15", "src\TeachMeSkills.DotNet.Task15\TeachMeSkills.DotNet.Task15.csproj", "{7760DE22-D594-41D5-8289-12B66BE15F7A}"
EndProject
Global
	GlobalSection(SolutionConfigurationPlatforms) = preSolution
		Debug|Any CPU = Debug|Any CPU
		Release|Any CPU = Release|Any CPU
	EndGlobalSection
	GlobalSection(ProjectConfigurationPlatforms) = postSolution
		{27E9B749-C7CA-41B7-B53A-EE05AB46C8E0}.Debug|Any CPU.ActiveCfg = Debug|Any CPU
		{27E9B749-C7CA-41B7-B53A-EE05AB46C8E0}.Debug|Any CPU.Build.0 = Debug|Any CPU
		{27E9B749-C7CA-41B7-B53A-EE05AB46C8E0}.Release|Any CPU.ActiveCfg = Release|Any CPU
		{27E9B749-C7CA-41B7-B53A-EE05AB46C8E0}.Release|Any CPU.Build.0 = Release|Any CPU
		{366A1B9F-6352-474D-A300-045A55DA43F9}.Debug|Any CPU.ActiveCfg = Debug|Any CPU
		{366A1B9F-6352-474D-A300-045A55DA43F9}.Debug|Any CPU.Build.0 = Debug|Any CPU
		{366A1B9F-6352-474D-A300-045A55DA43F9}.Release|Any CPU.ActiveCfg = Release|Any CPU
		{366A1B9F-6352-474D-A300-045A55DA43F9}.Release|Any CPU.Build.0 = Release|Any CPU
		{999374DF-8845-417A-80DB-7261B574C7B1}.Debug|Any CPU.ActiveCfg = Debug|Any CPU
		{999374DF-8845-417A-80DB-7261B574C7B1}.Debug|Any CPU.Build.0 = Debug|Any CPU
		{999374DF-8845-417A-80DB-7261B574C7B1}.Release|Any CPU.ActiveCfg = Release|Any CPU
		{999374DF-8845-417A-80DB-7261B574C7B1}.Release|Any CPU.Build.0 = Release|Any CPU
		{96E3BB18-5FD3-46EF-A883-F72C82E25D7D}.Debug|Any CPU.ActiveCfg = Debug|Any CPU
		{96E3BB18-5FD3-46EF-A883-F72C82E25D7D}.Debug|Any CPU.Build.0 = Debug|Any CPU
		{96E3BB18-5FD3-46EF-A883-F72C82E25D7D}.Release|Any CPU.ActiveCfg = Release|Any CPU
		{96E3BB18-5FD3-46EF-A883-F72C82E25D7D}.Release|Any CPU.Build.0 = Release|Any CPU
		{2CAD596E-19A6-4E7A-B359-CA9547D76D35}.Debug|Any CPU.ActiveCfg = Debug|Any CPU
		{2CAD596E-19A6-4E7A-B359-CA9547D76D35}.Debug|Any CPU.Build.0 = Debug|Any CPU
		{2CAD596E-19A6-4E7A-B359-CA9547D76D35}.Release|Any CPU.ActiveCfg = Release|Any CPU
		{2CAD596E-19A6-4E7A-B359-CA9547D76D35}.Release|Any CPU.Build.0 = Release|Any CPU
		{A293A5C4-077A-4154-B2CB-F3471847E27E}.Debug|Any CPU.ActiveCfg = Debug|Any CPU
		{A293A5C4-077A-4154-B2CB-F3471847E27E}.Debug|Any CPU.Build.0 = Debug|Any CPU
		{A293A5C4-077A-4154-B2CB-F3471847E27E}.Release|Any CPU.ActiveCfg = Release|Any CPU
		{A293A5C4-077A-4154-B2CB-F3471847E27E}.Release|Any CPU.Build.0 = Release|Any CPU
		{ED457321-BD72-44E3-9F92-28FBA8B812EC}.Debug|Any CPU.ActiveCfg = Debug|Any CPU
		{ED457321-BD72-44E3-9F92-28FBA8B812EC}.Debug|Any CPU.Build.0 = Debug|Any CPU
		{ED457321-BD72-44E3-9F92-28FBA8B812EC}.Release|Any CPU.ActiveCfg = Release|Any CPU
		{ED457321-BD72-44E3-9F92-28FBA8B812EC}.Release|Any CPU.Build.0 = Release|Any CPU
		{EF95189B-046B-40DC-AA0C-A0E717436360}.Debug|Any CPU.ActiveCfg = Debug|Any CPU
		{EF95189B-046B-40DC-AA0C-A0E717436360}.Debug|Any CPU.Build.0 = Debug|Any CPU
		{EF95189B-046B-40DC-AA0C-A0E717436360}.Release|Any CPU.ActiveCfg = Release|Any CPU
		{EF95189B-046B-40DC-AA0C-A0E717436360}.Release|Any CPU.Build.0 = Release|Any CPU
		{DFD083CE-9D82-4908-8A50-6DBC3549BEFE}.Debug|Any CPU.ActiveCfg = Debug|Any CPU
		{DFD083CE-9D82-4908-8A50-6DBC3549BEFE}.Debug|Any CPU.Build.0 = Debug|Any CPU
		{DFD083CE-9D82-4908-8A50-6DBC3549BEFE}.Release|Any CPU.ActiveCfg = Release|Any CPU
		{DFD083CE-9D82-4908-8A50-6DBC3549BEFE}.Release|Any CPU.Build.0 = Release|Any CPU
		{EDCBC56C-0BDD-4BD5-A8AB-BEDE91483B86}.Debug|Any CPU.ActiveCfg = Debug|Any CPU
		{EDCBC56C-0BDD-4BD5-A8AB-BEDE91483B86}.Debug|Any CPU.Build.0 = Debug|Any CPU
		{EDCBC56C-0BDD-4BD5-A8AB-BEDE91483B86}.Release|Any CPU.ActiveCfg = Release|Any CPU
		{EDCBC56C-0BDD-4BD5-A8AB-BEDE91483B86}.Release|Any CPU.Build.0 = Release|Any CPU
		{AF3FA504-E7C8-4186-B617-54569D78F2FD}.Debug|Any CPU.ActiveCfg = Debug|Any CPU
		{AF3FA504-E7C8-4186-B617-54569D78F2FD}.Debug|Any CPU.Build.0 = Debug|Any CPU
		{AF3FA504-E7C8-4186-B617-54569D78F2FD}.Release|Any CPU.ActiveCfg = Release|Any CPU
		{AF3FA504-E7C8-4186-B617-54569D78F2FD}.Release|Any CPU.Build.0 = Release|Any CPU
		{0E6F2B3D-51CE-40E7-9FAA-A8DBA8CDF8BE}.Debug|Any CPU.ActiveCfg = Debug|Any CPU
		{0E6F2B3D-51CE-40E7-9FAA-A8DBA8CDF8BE}.Debug|Any CPU.Build.0 = Debug|Any CPU
		{0E6F2B3D-51CE-40E7-9FAA-A8DBA8CDF8BE}.Release|Any CPU.ActiveCfg = Release|Any CPU
		{0E6F2B3D-51CE-40E7-9FAA-A8DBA8CDF8BE}.Release|Any CPU.Build.0 = Release|Any CPU
		{2E11405F-5E6F-42B9-B9D4-035D2C29DDA4}.Debug|Any CPU.ActiveCfg = Debug|Any CPU
		{2E11405F-5E6F-42B9-B9D4-035D2C29DDA4}.Debug|Any CPU.Build.0 = Debug|Any CPU
		{2E11405F-5E6F-42B9-B9D4-035D2C29DDA4}.Release|Any CPU.ActiveCfg = Release|Any CPU
		{2E11405F-5E6F-42B9-B9D4-035D2C29DDA4}.Release|Any CPU.Build.0 = Release|Any CPU
		{7760DE22-D594-41D5-8289-12B66BE15F7A}.Debug|Any CPU.ActiveCfg = Debug|Any CPU
		{7760DE22-D594-41D5-8289-12B66BE15F7A}.Debug|Any CPU.Build.0 = Debug|Any CPU
		{7760DE22-D594-41D5-8289-12B66BE15F7A}.Release|Any CPU.ActiveCfg = Release|Any CPU
		{7760DE22-D594-41D5-8289-12B66BE15F7A}.Release|Any CPU.Build.0 = Release|Any CPU
	EndGlobalSection
	GlobalSection(SolutionProperties) = preSolution
		HideSolutionNode = FALSE
	EndGlobalSection
	GlobalSection(NestedProjects) = preSolution
		{27E9B749-C7CA-41B7-B53A-EE05AB46C8E0} = {F2E7A0A3-E35B-4891-A97C-AABB0CCE2DDB}
		{366A1B9F-6352-474D-A300-045A55DA43F9} = {F2E7A0A3-E35B-4891-A97C-AABB0CCE2DDB}
		{999374DF-8845-417A-80DB-7261B574C7B1} = {F2E7A0A3-E35B-4891-A97C-AABB0CCE2DDB}
		{96E3BB18-5FD3-46EF-A883-F72C82E25D7D} = {F2E7A0A3-E35B-4891-A97C-AABB0CCE2DDB}
		{2CAD596E-19A6-4E7A-B359-CA9547D76D35} = {F2E7A0A3-E35B-4891-A97C-AABB0CCE2DDB}
		{A293A5C4-077A-4154-B2CB-F3471847E27E} = {F2E7A0A3-E35B-4891-A97C-AABB0CCE2DDB}
		{ED457321-BD72-44E3-9F92-28FBA8B812EC} = {F2E7A0A3-E35B-4891-A97C-AABB0CCE2DDB}
		{EF95189B-046B-40DC-AA0C-A0E717436360} = {F2E7A0A3-E35B-4891-A97C-AABB0CCE2DDB}
		{DFD083CE-9D82-4908-8A50-6DBC3549BEFE} = {F2E7A0A3-E35B-4891-A97C-AABB0CCE2DDB}
		{EDCBC56C-0BDD-4BD5-A8AB-BEDE91483B86} = {F2E7A0A3-E35B-4891-A97C-AABB0CCE2DDB}
		{AF3FA504-E7C8-4186-B617-54569D78F2FD} = {F2E7A0A3-E35B-4891-A97C-AABB0CCE2DDB}
		{0E6F2B3D-51CE-40E7-9FAA-A8DBA8CDF8BE} = {F2E7A0A3-E35B-4891-A97C-AABB0CCE2DDB}
		{2E11405F-5E6F-42B9-B9D4-035D2C29DDA4} = {F2E7A0A3-E35B-4891-A97C-AABB0CCE2DDB}
		{7760DE22-D594-41D5-8289-12B66BE15F7A} = {F2E7A0A3-E35B-4891-A97C-AABB0CCE2DDB}
	EndGlobalSection
	GlobalSection(ExtensibilityGlobals) = postSolution
		SolutionGuid = {AB361F5D-A586-489F-BE2A-9BA764BA63B1}
	EndGlobalSection
EndGlobal
